
Microsoft Visual Studio Solution File, Format Version 12.00
# Visual Studio Version 17
VisualStudioVersion = 17.11.35208.52
MinimumVisualStudioVersion = 10.0.40219.1
Project("{9A19103F-16F7-4668-BE54-9A1E7A4F7556}") = "CodeChallenger.Saldo.Application", "CodeChallenger.Saldo.Application\CodeChallenger.Saldo.Application.csproj", "{3331845B-0334-45C5-9760-37A6EC1F3E15}"
EndProject
Project("{9A19103F-16F7-4668-BE54-9A1E7A4F7556}") = "CodeChallenger.Saldo.Domain", "CodeChallenger.Saldo.Domain\CodeChallenger.Saldo.Domain.csproj", "{049F6F7B-28E2-49CD-BF72-D39409ADC927}"
EndProject
Project("{9A19103F-16F7-4668-BE54-9A1E7A4F7556}") = "CodeChallenger.Saldo.Adapters.Repository", "CodeChallenger.Saldo.Adapters.Repository\CodeChallenger.Saldo.Adapters.Repository.csproj", "{8ED1449A-0E77-4C11-83AF-053B751767EA}"
EndProject
Project("{9A19103F-16F7-4668-BE54-9A1E7A4F7556}") = "CodeChallenger.Saldo.Adapters.RabbitMq", "CodeChallenger.Saldo.Adapters.RabbitMq\CodeChallenger.Saldo.Adapters.RabbitMq.csproj", "{64F8C85A-3782-4CF4-B6D7-A1673B4D05F1}"
EndProject
Project("{9A19103F-16F7-4668-BE54-9A1E7A4F7556}") = "CodeChallenger.Saldo.WebApi", "CodeChallenger.Saldo.WebApi\CodeChallenger.Saldo.WebApi.csproj", "{94F32E8E-0175-4690-9222-4CA677603226}"
EndProject
Global
	GlobalSection(SolutionConfigurationPlatforms) = preSolution
		Debug|Any CPU = Debug|Any CPU
		Release|Any CPU = Release|Any CPU
	EndGlobalSection
	GlobalSection(ProjectConfigurationPlatforms) = postSolution
		{3331845B-0334-45C5-9760-37A6EC1F3E15}.Debug|Any CPU.ActiveCfg = Debug|Any CPU
		{3331845B-0334-45C5-9760-37A6EC1F3E15}.Debug|Any CPU.Build.0 = Debug|Any CPU
		{3331845B-0334-45C5-9760-37A6EC1F3E15}.Release|Any CPU.ActiveCfg = Release|Any CPU
		{3331845B-0334-45C5-9760-37A6EC1F3E15}.Release|Any CPU.Build.0 = Release|Any CPU
		{049F6F7B-28E2-49CD-BF72-D39409ADC927}.Debug|Any CPU.ActiveCfg = Debug|Any CPU
		{049F6F7B-28E2-49CD-BF72-D39409ADC927}.Debug|Any CPU.Build.0 = Debug|Any CPU
		{049F6F7B-28E2-49CD-BF72-D39409ADC927}.Release|Any CPU.ActiveCfg = Release|Any CPU
		{049F6F7B-28E2-49CD-BF72-D39409ADC927}.Release|Any CPU.Build.0 = Release|Any CPU
		{8ED1449A-0E77-4C11-83AF-053B751767EA}.Debug|Any CPU.ActiveCfg = Debug|Any CPU
		{8ED1449A-0E77-4C11-83AF-053B751767EA}.Debug|Any CPU.Build.0 = Debug|Any CPU
		{8ED1449A-0E77-4C11-83AF-053B751767EA}.Release|Any CPU.ActiveCfg = Release|Any CPU
		{8ED1449A-0E77-4C11-83AF-053B751767EA}.Release|Any CPU.Build.0 = Release|Any CPU
		{64F8C85A-3782-4CF4-B6D7-A1673B4D05F1}.Debug|Any CPU.ActiveCfg = Debug|Any CPU
		{64F8C85A-3782-4CF4-B6D7-A1673B4D05F1}.Debug|Any CPU.Build.0 = Debug|Any CPU
		{64F8C85A-3782-4CF4-B6D7-A1673B4D05F1}.Release|Any CPU.ActiveCfg = Release|Any CPU
		{64F8C85A-3782-4CF4-B6D7-A1673B4D05F1}.Release|Any CPU.Build.0 = Release|Any CPU
		{94F32E8E-0175-4690-9222-4CA677603226}.Debug|Any CPU.ActiveCfg = Debug|Any CPU
		{94F32E8E-0175-4690-9222-4CA677603226}.Debug|Any CPU.Build.0 = Debug|Any CPU
		{94F32E8E-0175-4690-9222-4CA677603226}.Release|Any CPU.ActiveCfg = Release|Any CPU
		{94F32E8E-0175-4690-9222-4CA677603226}.Release|Any CPU.Build.0 = Release|Any CPU
	EndGlobalSection
	GlobalSection(SolutionProperties) = preSolution
		HideSolutionNode = FALSE
	EndGlobalSection
	GlobalSection(ExtensibilityGlobals) = postSolution
		SolutionGuid = {79079218-AC8D-4480-A27D-425E1F0F9832}
	EndGlobalSection
EndGlobal
